<?xml version="1.0" encoding="utf-8"?>
<Project ToolsVersion="4.0" xmlns="http://schemas.microsoft.com/developer/msbuild/2003">
  <ItemGroup>
    <ClCompile Include="GameL\Audio.cpp">
      <Filter>ライブラリソースコード</Filter>
    </ClCompile>
    <ClCompile Include="GameL\DirectXDevice.cpp">
      <Filter>ライブラリソースコード</Filter>
    </ClCompile>
    <ClCompile Include="GameL\Draw2DTex_Source.cpp">
      <Filter>ライブラリソースコード</Filter>
    </ClCompile>
    <ClCompile Include="GameL\DrawFont.cpp">
      <Filter>ライブラリソースコード</Filter>
    </ClCompile>
    <ClCompile Include="GameL\DrawTexture.cpp">
      <Filter>ライブラリソースコード</Filter>
    </ClCompile>
    <ClCompile Include="GameL\GameL_Main.cpp">
      <Filter>ライブラリソースコード</Filter>
    </ClCompile>
    <ClCompile Include="GameL\HitBoxManager.cpp">
      <Filter>ライブラリソースコード</Filter>
    </ClCompile>
    <ClCompile Include="GameL\MultiThread.cpp">
      <Filter>ライブラリソースコード</Filter>
    </ClCompile>
    <ClCompile Include="Objbar.cpp">
      <Filter>ゲームソースコード\アイテム</Filter>
    </ClCompile>
    <ClCompile Include="ObjClickTitle.cpp">
      <Filter>ゲームソースコード\システム</Filter>
    </ClCompile>
    <ClCompile Include="ObjEnemy.cpp">
      <Filter>ゲームソースコード\敵キャラクター</Filter>
    </ClCompile>
    <ClCompile Include="ObjEnemy_2.cpp">
      <Filter>ゲームソースコード\敵キャラクター</Filter>
    </ClCompile>
    <ClCompile Include="ObjEnemy_3.cpp">
      <Filter>ゲームソースコード\敵キャラクター</Filter>
    </ClCompile>
    <ClCompile Include="ObjEPI.cpp">
      <Filter>ゲームソースコード\システム</Filter>
    </ClCompile>
    <ClCompile Include="ObjFastEnemy.cpp">
      <Filter>ゲームソースコード\敵キャラクター</Filter>
    </ClCompile>
    <ClCompile Include="ObjGameClear.cpp">
      <Filter>ゲームソースコード\システム</Filter>
    </ClCompile>
    <ClCompile Include="ObjGameOver.cpp">
      <Filter>ゲームソースコード\システム</Filter>
    </ClCompile>
    <ClCompile Include="ObjGameUI.cpp">
      <Filter>ゲームソースコード\システム</Filter>
    </ClCompile>
    <ClCompile Include="ObjGimmick.cpp">
      <Filter>ゲームソースコード\ギミック</Filter>
    </ClCompile>
    <ClCompile Include="ObjGimmick2.cpp">
      <Filter>ゲームソースコード\ギミック</Filter>
    </ClCompile>
    <ClCompile Include="ObjGimmick3.cpp">
      <Filter>ゲームソースコード\ギミック</Filter>
    </ClCompile>
    <ClCompile Include="objheal.cpp">
      <Filter>ゲームソースコード\アイテム</Filter>
    </ClCompile>
    <ClCompile Include="ObjHero.cpp">
      <Filter>ゲームソースコード\主人公</Filter>
    </ClCompile>
    <ClCompile Include="ObjItem.cpp">
      <Filter>ゲームソースコード\アイテム</Filter>
    </ClCompile>
    <ClCompile Include="ObjMain.cpp">
      <Filter>ゲームソースコード\マップ</Filter>
    </ClCompile>
    <ClCompile Include="ObjMenu.cpp">
      <Filter>ゲームソースコード\システム</Filter>
    </ClCompile>
    <ClCompile Include="ObjSpawnEnemy.cpp">
      <Filter>ゲームソースコード\敵キャラクター</Filter>
    </ClCompile>
    <ClCompile Include="ObjText.cpp">
      <Filter>ゲームソースコード\システム</Filter>
    </ClCompile>
    <ClCompile Include="ObjTitle.cpp">
      <Filter>ゲームソースコード\システム</Filter>
    </ClCompile>
    <ClCompile Include="SceneEPI.cpp">
      <Filter>ゲームソースコード\シーン</Filter>
    </ClCompile>
    <ClCompile Include="SceneGameClear.cpp">
      <Filter>ゲームソースコード\シーン</Filter>
    </ClCompile>
    <ClCompile Include="SceneGameOver.cpp">
      <Filter>ゲームソースコード\シーン</Filter>
    </ClCompile>
    <ClCompile Include="SceneGameUI.cpp">
      <Filter>ゲームソースコード\シーン</Filter>
    </ClCompile>
    <ClCompile Include="SceneMain.cpp">
      <Filter>ゲームソースコード\シーン</Filter>
    </ClCompile>
    <ClCompile Include="SceneMenu.cpp">
      <Filter>ゲームソースコード\シーン</Filter>
    </ClCompile>
    <ClCompile Include="ScenePRO.cpp">
      <Filter>ゲームソースコード\シーン</Filter>
    </ClCompile>
    <ClCompile Include="SceneTitle.cpp">
      <Filter>ゲームソースコード\シーン</Filter>
    </ClCompile>
    <ClCompile Include="GameL\SceneManager.cpp">
      <Filter>ライブラリソースコード</Filter>
    </ClCompile>
    <ClCompile Include="GameL\SceneObjManager.cpp">
      <Filter>ライブラリソースコード</Filter>
    </ClCompile>
    <ClCompile Include="GameL\SetWindow.cpp">
      <Filter>ライブラリソースコード</Filter>
    </ClCompile>
    <ClCompile Include="GameL\UserData.cpp">
      <Filter>ライブラリソースコード</Filter>
    </ClCompile>
    <ClCompile Include="GameL\WinInputs.cpp">
      <Filter>ライブラリソースコード</Filter>
    </ClCompile>
    <ClCompile Include="UtilityModule.cpp">
      <Filter>ゲームソースコード\関数</Filter>
    </ClCompile>
    <ClCompile Include="ObjPRO.cpp">
      <Filter>ゲームソースコード\敵キャラクター</Filter>
    </ClCompile>
    <ClCompile Include="SceneTelop.cpp">
      <Filter>ゲームソースコード\シーン</Filter>
    </ClCompile>
    <ClCompile Include="ObjTelop.cpp">
      <Filter>ゲームソースコード\システム</Filter>
    </ClCompile>
  </ItemGroup>
  <ItemGroup>
    <ClInclude Include="GameL\Audio.h">
      <Filter>ライブラリヘッダー</Filter>
    </ClInclude>
    <ClInclude Include="GameL\DirectXDevice.h">
      <Filter>ライブラリヘッダー</Filter>
    </ClInclude>
    <ClInclude Include="GameL\DrawFont.h">
      <Filter>ライブラリヘッダー</Filter>
    </ClInclude>
    <ClInclude Include="GameL\DrawTexture.h">
      <Filter>ライブラリヘッダー</Filter>
    </ClInclude>
    <ClInclude Include="GameL\HitBoxManager.h">
      <Filter>ライブラリヘッダー</Filter>
    </ClInclude>
    <ClInclude Include="GameL\MultiThread.h">
      <Filter>ライブラリヘッダー</Filter>
    </ClInclude>
    <ClInclude Include="GameHead.h">
      <Filter>ゲームヘッダー</Filter>
    </ClInclude>
    <ClInclude Include="main.h">
      <Filter>ライブラリヘッダー</Filter>
    </ClInclude>
    <ClInclude Include="Objbar.h">
      <Filter>ゲームソースコード\アイテム</Filter>
    </ClInclude>
    <ClInclude Include="ObjClickTitle.h">
      <Filter>ゲームソースコード\システム</Filter>
    </ClInclude>
    <ClInclude Include="ObjEnemy.h">
      <Filter>ゲームソースコード\敵キャラクター</Filter>
    </ClInclude>
    <ClInclude Include="ObjEnemy_2.h">
      <Filter>ゲームソースコード\敵キャラクター</Filter>
    </ClInclude>
    <ClInclude Include="ObjEnemy_3.h">
      <Filter>ゲームソースコード\敵キャラクター</Filter>
    </ClInclude>
    <ClInclude Include="ObjEPI.h">
      <Filter>ゲームソースコード\システム</Filter>
    </ClInclude>
    <ClInclude Include="ObjFastEnemy.h">
      <Filter>ゲームソースコード\敵キャラクター</Filter>
    </ClInclude>
    <ClInclude Include="ObjGameClear.h">
      <Filter>ゲームソースコード\システム</Filter>
    </ClInclude>
    <ClInclude Include="ObjGameOver.h">
      <Filter>ゲームソースコード\システム</Filter>
    </ClInclude>
    <ClInclude Include="ObjGameUI.h">
      <Filter>ゲームソースコード\システム</Filter>
    </ClInclude>
    <ClInclude Include="ObjGimmick.h">
      <Filter>ゲームソースコード\ギミック</Filter>
    </ClInclude>
    <ClInclude Include="ObjGimmick2.h">
      <Filter>ゲームソースコード\ギミック</Filter>
    </ClInclude>
    <ClInclude Include="ObjGimmick3.h">
      <Filter>ゲームソースコード\ギミック</Filter>
    </ClInclude>
    <ClInclude Include="objheal.h">
      <Filter>ゲームソースコード\アイテム</Filter>
    </ClInclude>
    <ClInclude Include="ObjHero.h">
      <Filter>ゲームソースコード\主人公</Filter>
    </ClInclude>
    <ClInclude Include="ObjItem.h">
      <Filter>ゲームソースコード\アイテム</Filter>
    </ClInclude>
    <ClInclude Include="ObjMain.h">
      <Filter>ゲームソースコード\マップ</Filter>
    </ClInclude>
    <ClInclude Include="ObjMenu.h">
      <Filter>ゲームソースコード\システム</Filter>
    </ClInclude>
    <ClInclude Include="ObjPRO.h">
      <Filter>ゲームソースコード\システム</Filter>
    </ClInclude>
    <ClInclude Include="ObjSpawnEnemy.h">
      <Filter>ゲームソースコード\敵キャラクター</Filter>
    </ClInclude>
    <ClInclude Include="ObjText.h">
      <Filter>ゲームソースコード\システム</Filter>
    </ClInclude>
    <ClInclude Include="ObjTitle.h">
      <Filter>ゲームソースコード\システム</Filter>
    </ClInclude>
    <ClInclude Include="SceneEPI.h">
      <Filter>ゲームソースコード\シーン</Filter>
    </ClInclude>
    <ClInclude Include="SceneGameClear.h">
      <Filter>ゲームソースコード\シーン</Filter>
    </ClInclude>
    <ClInclude Include="SceneGameOver.h">
      <Filter>ゲームソースコード\シーン</Filter>
    </ClInclude>
    <ClInclude Include="SceneGameUI.h">
      <Filter>ゲームソースコード\シーン</Filter>
    </ClInclude>
    <ClInclude Include="SceneMain.h">
      <Filter>ゲームソースコード\シーン</Filter>
    </ClInclude>
    <ClInclude Include="SceneMenu.h">
      <Filter>ゲームソースコード\シーン</Filter>
    </ClInclude>
    <ClInclude Include="ScenePRO.h">
      <Filter>ゲームソースコード\シーン</Filter>
    </ClInclude>
    <ClInclude Include="SceneTitle.h">
      <Filter>ゲームソースコード\シーン</Filter>
    </ClInclude>
    <ClInclude Include="GameL\SceneManager.h">
      <Filter>ライブラリヘッダー</Filter>
    </ClInclude>
    <ClInclude Include="GameL\SceneObjManager.h">
      <Filter>ライブラリヘッダー</Filter>
    </ClInclude>
    <ClInclude Include="GameL\SetWindow.h">
      <Filter>ライブラリヘッダー</Filter>
    </ClInclude>
    <ClInclude Include="GameL\UserData.h">
      <Filter>ライブラリヘッダー</Filter>
    </ClInclude>
    <ClInclude Include="GameL\WinInputs.h">
      <Filter>ライブラリヘッダー</Filter>
    </ClInclude>
    <ClInclude Include="UtilityModule.h">
      <Filter>ゲームソースコード\関数</Filter>
    </ClInclude>
    <ClInclude Include="SceneTelop.h">
      <Filter>ゲームソースコード\シーン</Filter>
    </ClInclude>
    <ClInclude Include="ObjTelop.h">
      <Filter>ゲームソースコード\システム</Filter>
    </ClInclude>
  </ItemGroup>
  <ItemGroup>
    <Filter Include="ゲームソースコード">
      <UniqueIdentifier>{0975e5ec-81b5-42a5-80c6-551452bba4b4}</UniqueIdentifier>
    </Filter>
    <Filter Include="ライブラリソースコード">
      <UniqueIdentifier>{a6f4d5b1-07b0-4eb1-927d-fd8548d0f39b}</UniqueIdentifier>
    </Filter>
    <Filter Include="ライブラリヘッダー">
      <UniqueIdentifier>{3a6b7ef3-8c9d-4cde-b95f-2370097a6b42}</UniqueIdentifier>
    </Filter>
    <Filter Include="ゲームヘッダー">
      <UniqueIdentifier>{25d6e71c-4577-4ea0-aceb-d582b3bf3c59}</UniqueIdentifier>
    </Filter>
    <Filter Include="ゲームソースコード\アイテム">
      <UniqueIdentifier>{8e39135a-27c0-46dd-922f-25568334f824}</UniqueIdentifier>
    </Filter>
    <Filter Include="ゲームソースコード\システム">
      <UniqueIdentifier>{6e13ff6c-af5d-492f-886d-3bdf541eeccf}</UniqueIdentifier>
    </Filter>
    <Filter Include="ゲームソースコード\敵キャラクター">
      <UniqueIdentifier>{cb51eb52-12ce-4fcc-b5cd-fd6e21a1c960}</UniqueIdentifier>
    </Filter>
    <Filter Include="ゲームソースコード\ギミック">
      <UniqueIdentifier>{5ebab5e1-ce7f-424c-883e-65147f1621d6}</UniqueIdentifier>
    </Filter>
    <Filter Include="ゲームソースコード\主人公">
      <UniqueIdentifier>{bac82c0f-47b4-4c3d-acdf-584595057cd5}</UniqueIdentifier>
    </Filter>
    <Filter Include="ゲームソースコード\マップ">
      <UniqueIdentifier>{dfe0e6f9-45fc-479a-bfec-4f9d8d9ec0ce}</UniqueIdentifier>
    </Filter>
    <Filter Include="ゲームソースコード\シーン">
      <UniqueIdentifier>{45587f58-c135-4d72-90f7-1915d216ee83}</UniqueIdentifier>
    </Filter>
    <Filter Include="ゲームソースコード\関数">
      <UniqueIdentifier>{3b98d1b4-5be1-4fe8-8759-185e949892d2}</UniqueIdentifier>
    </Filter>
  </ItemGroup>
</Project>